
Microsoft Visual Studio Solution File, Format Version 12.00
Project("{FAE04EC0-301F-11D3-BF4B-00C04F79EFBC}") = "11.02", "11.02\11.02.csproj", "{3BA12935-0EEF-4DCA-860A-D99BCBE38B12}"
EndProject
Global
	GlobalSection(SolutionConfigurationPlatforms) = preSolution
		Debug|Any CPU = Debug|Any CPU
		Release|Any CPU = Release|Any CPU
	EndGlobalSection
	GlobalSection(ProjectConfigurationPlatforms) = postSolution
		{3BA12935-0EEF-4DCA-860A-D99BCBE38B12}.Debug|Any CPU.ActiveCfg = Debug|Any CPU
		{3BA12935-0EEF-4DCA-860A-D99BCBE38B12}.Debug|Any CPU.Build.0 = Debug|Any CPU
		{3BA12935-0EEF-4DCA-860A-D99BCBE38B12}.Release|Any CPU.ActiveCfg = Release|Any CPU
		{3BA12935-0EEF-4DCA-860A-D99BCBE38B12}.Release|Any CPU.Build.0 = Release|Any CPU
	EndGlobalSection
EndGlobal
